// !$*UTF8*$!
{
	archiveVersion = 1;
	classes = {
	};
	objectVersion = 56;
	objects = {

/* Begin PBXBuildFile section */
		2C26DF052997C97400211B88 /* BaseView.swift in Sources */ = {isa = PBXBuildFile; fileRef = 2C26DF042997C97400211B88 /* BaseView.swift */; };
		2C26DF072997C99300211B88 /* Question.swift in Sources */ = {isa = PBXBuildFile; fileRef = 2C26DF062997C99300211B88 /* Question.swift */; };
		2C26DF092997C9CF00211B88 /* MillionaireBrain.swift in Sources */ = {isa = PBXBuildFile; fileRef = 2C26DF082997C9CF00211B88 /* MillionaireBrain.swift */; };
		698C5F5B29920B8A000D8B61 /* WelcomeViewController.swift in Sources */ = {isa = PBXBuildFile; fileRef = 698C5F5A29920B8A000D8B61 /* WelcomeViewController.swift */; };
		698C5F5D29920BA8000D8B61 /* WelcomeView.swift in Sources */ = {isa = PBXBuildFile; fileRef = 698C5F5C29920BA8000D8B61 /* WelcomeView.swift */; };
		69E69BA629954306006D45BA /* CustomTextField.swift in Sources */ = {isa = PBXBuildFile; fileRef = 69E69BA529954306006D45BA /* CustomTextField.swift */; };
		69FD29A0299174D000481D00 /* AppDelegate.swift in Sources */ = {isa = PBXBuildFile; fileRef = 69FD299F299174D000481D00 /* AppDelegate.swift */; };
		69FD29A2299174D000481D00 /* SceneDelegate.swift in Sources */ = {isa = PBXBuildFile; fileRef = 69FD29A1299174D000481D00 /* SceneDelegate.swift */; };
		69FD29A9299174D200481D00 /* Assets.xcassets in Resources */ = {isa = PBXBuildFile; fileRef = 69FD29A8299174D200481D00 /* Assets.xcassets */; };
		69FD29AC299174D200481D00 /* LaunchScreen.storyboard in Resources */ = {isa = PBXBuildFile; fileRef = 69FD29AA299174D200481D00 /* LaunchScreen.storyboard */; };
		69FD29B7299175C700481D00 /* Ext + UIView.swift in Sources */ = {isa = PBXBuildFile; fileRef = 69FD29B6299175C700481D00 /* Ext + UIView.swift */; };
		69FD29B92991761600481D00 /* Ext + UIStackView.swift in Sources */ = {isa = PBXBuildFile; fileRef = 69FD29B82991761600481D00 /* Ext + UIStackView.swift */; };
		69FD29E62991787800481D00 /* ResultViewController.swift in Sources */ = {isa = PBXBuildFile; fileRef = 69FD29E52991787800481D00 /* ResultViewController.swift */; };
		69FD29E82991789000481D00 /* ResultView.swift in Sources */ = {isa = PBXBuildFile; fileRef = 69FD29E72991789000481D00 /* ResultView.swift */; };
		69FD29EB2991792C00481D00 /* AnswerViewController.swift in Sources */ = {isa = PBXBuildFile; fileRef = 69FD29EA2991792C00481D00 /* AnswerViewController.swift */; };
		69FD29ED2991793D00481D00 /* AnswerView.swift in Sources */ = {isa = PBXBuildFile; fileRef = 69FD29EC2991793D00481D00 /* AnswerView.swift */; };
		69FD29EF2991796400481D00 /* MainGameViewController.swift in Sources */ = {isa = PBXBuildFile; fileRef = 69FD29EE2991796400481D00 /* MainGameViewController.swift */; };
		69FD29F12991797600481D00 /* MainGameView.swift in Sources */ = {isa = PBXBuildFile; fileRef = 69FD29F02991797600481D00 /* MainGameView.swift */; };
		69FD29F32991799B00481D00 /* NickNameViewController.swift in Sources */ = {isa = PBXBuildFile; fileRef = 69FD29F22991799B00481D00 /* NickNameViewController.swift */; };
		69FD29F5299179AA00481D00 /* NickNameView.swift in Sources */ = {isa = PBXBuildFile; fileRef = 69FD29F4299179AA00481D00 /* NickNameView.swift */; };
		69FD29F7299179C900481D00 /* RulesViewController.swift in Sources */ = {isa = PBXBuildFile; fileRef = 69FD29F6299179C900481D00 /* RulesViewController.swift */; };
		B312E95E2992AF33006DAF05 /* LogoAndLabelView.swift in Sources */ = {isa = PBXBuildFile; fileRef = B312E95D2992AF33006DAF05 /* LogoAndLabelView.swift */; };
		B312E9602992AFF4006DAF05 /* WelcomeConstants.swift in Sources */ = {isa = PBXBuildFile; fileRef = B312E95F2992AFF4006DAF05 /* WelcomeConstants.swift */; };
		B33BA9782994213F00E5134A /* UpperElementsView.swift in Sources */ = {isa = PBXBuildFile; fileRef = B33BA9772994213F00E5134A /* UpperElementsView.swift */; };
		B33BA97A29943C7800E5134A /* RulesTextView.swift in Sources */ = {isa = PBXBuildFile; fileRef = B33BA97929943C7800E5134A /* RulesTextView.swift */; };
		B3568EFE29941ADA0001624C /* RulesResources.swift in Sources */ = {isa = PBXBuildFile; fileRef = B3568EFD29941ADA0001624C /* RulesResources.swift */; };
		B3ACDDCB2992E913008AD923 /* ButtonsView.swift in Sources */ = {isa = PBXBuildFile; fileRef = B3ACDDCA2992E913008AD923 /* ButtonsView.swift */; };
/* End PBXBuildFile section */

/* Begin PBXFileReference section */

		2C26DF042997C97400211B88 /* BaseView.swift */ = {isa = PBXFileReference; lastKnownFileType = sourcecode.swift; path = BaseView.swift; sourceTree = "<group>"; };
		2C26DF062997C99300211B88 /* Question.swift */ = {isa = PBXFileReference; lastKnownFileType = sourcecode.swift; name = Question.swift; path = "Who-wanna-be-millionaire/Modules/AnswerModule/View/Question.swift"; sourceTree = SOURCE_ROOT; };
		2C26DF082997C9CF00211B88 /* MillionaireBrain.swift */ = {isa = PBXFileReference; lastKnownFileType = sourcecode.swift; name = MillionaireBrain.swift; path = "Who-wanna-be-millionaire/Modules/AnswerModule/View/MillionaireBrain.swift"; sourceTree = SOURCE_ROOT; };
		698C5F5A29920B8A000D8B61 /* WelcomeViewController.swift */ = {isa = PBXFileReference; lastKnownFileType = sourcecode.swift; path = WelcomeViewController.swift; sourceTree = "<group>"; };
		698C5F5C29920BA8000D8B61 /* WelcomeView.swift */ = {isa = PBXFileReference; lastKnownFileType = sourcecode.swift; path = WelcomeView.swift; sourceTree = "<group>"; };
		69E69BA529954306006D45BA /* CustomTextField.swift */ = {isa = PBXFileReference; lastKnownFileType = sourcecode.swift; path = CustomTextField.swift; sourceTree = "<group>"; };
		69FD299C299174D000481D00 /* Who-wanna-be-millionaire.app */ = {isa = PBXFileReference; explicitFileType = wrapper.application; includeInIndex = 0; path = "Who-wanna-be-millionaire.app"; sourceTree = BUILT_PRODUCTS_DIR; };
		69FD299F299174D000481D00 /* AppDelegate.swift */ = {isa = PBXFileReference; lastKnownFileType = sourcecode.swift; path = AppDelegate.swift; sourceTree = "<group>"; };
		69FD29A1299174D000481D00 /* SceneDelegate.swift */ = {isa = PBXFileReference; lastKnownFileType = sourcecode.swift; path = SceneDelegate.swift; sourceTree = "<group>"; };
		69FD29A8299174D200481D00 /* Assets.xcassets */ = {isa = PBXFileReference; lastKnownFileType = folder.assetcatalog; path = Assets.xcassets; sourceTree = "<group>"; };
		69FD29AB299174D200481D00 /* Base */ = {isa = PBXFileReference; lastKnownFileType = file.storyboard; name = Base; path = Base.lproj/LaunchScreen.storyboard; sourceTree = "<group>"; };
		69FD29AD299174D200481D00 /* Info.plist */ = {isa = PBXFileReference; lastKnownFileType = text.plist.xml; path = Info.plist; sourceTree = "<group>"; };
		69FD29B6299175C700481D00 /* Ext + UIView.swift */ = {isa = PBXFileReference; lastKnownFileType = sourcecode.swift; path = "Ext + UIView.swift"; sourceTree = "<group>"; };
		69FD29B82991761600481D00 /* Ext + UIStackView.swift */ = {isa = PBXFileReference; lastKnownFileType = sourcecode.swift; path = "Ext + UIStackView.swift"; sourceTree = "<group>"; };
		69FD29E52991787800481D00 /* ResultViewController.swift */ = {isa = PBXFileReference; lastKnownFileType = sourcecode.swift; path = ResultViewController.swift; sourceTree = "<group>"; };
		69FD29E72991789000481D00 /* ResultView.swift */ = {isa = PBXFileReference; lastKnownFileType = sourcecode.swift; path = ResultView.swift; sourceTree = "<group>"; };
		69FD29EA2991792C00481D00 /* AnswerViewController.swift */ = {isa = PBXFileReference; lastKnownFileType = sourcecode.swift; path = AnswerViewController.swift; sourceTree = "<group>"; };
		69FD29EC2991793D00481D00 /* AnswerView.swift */ = {isa = PBXFileReference; lastKnownFileType = sourcecode.swift; path = AnswerView.swift; sourceTree = "<group>"; };
		69FD29EE2991796400481D00 /* MainGameViewController.swift */ = {isa = PBXFileReference; lastKnownFileType = sourcecode.swift; path = MainGameViewController.swift; sourceTree = "<group>"; };
		69FD29F02991797600481D00 /* MainGameView.swift */ = {isa = PBXFileReference; lastKnownFileType = sourcecode.swift; path = MainGameView.swift; sourceTree = "<group>"; };
		69FD29F22991799B00481D00 /* NickNameViewController.swift */ = {isa = PBXFileReference; lastKnownFileType = sourcecode.swift; path = NickNameViewController.swift; sourceTree = "<group>"; };
		69FD29F4299179AA00481D00 /* NickNameView.swift */ = {isa = PBXFileReference; lastKnownFileType = sourcecode.swift; path = NickNameView.swift; sourceTree = "<group>"; };
		69FD29F6299179C900481D00 /* RulesViewController.swift */ = {isa = PBXFileReference; lastKnownFileType = sourcecode.swift; path = RulesViewController.swift; sourceTree = "<group>"; };
		B312E95D2992AF33006DAF05 /* LogoAndLabelView.swift */ = {isa = PBXFileReference; lastKnownFileType = sourcecode.swift; path = LogoAndLabelView.swift; sourceTree = "<group>"; };
		B312E95F2992AFF4006DAF05 /* WelcomeConstants.swift */ = {isa = PBXFileReference; lastKnownFileType = sourcecode.swift; path = WelcomeConstants.swift; sourceTree = "<group>"; };
		B33BA9772994213F00E5134A /* UpperElementsView.swift */ = {isa = PBXFileReference; lastKnownFileType = sourcecode.swift; path = UpperElementsView.swift; sourceTree = "<group>"; };
		B33BA97929943C7800E5134A /* RulesTextView.swift */ = {isa = PBXFileReference; lastKnownFileType = sourcecode.swift; path = RulesTextView.swift; sourceTree = "<group>"; };
		B3568EFD29941ADA0001624C /* RulesResources.swift */ = {isa = PBXFileReference; lastKnownFileType = sourcecode.swift; path = RulesResources.swift; sourceTree = "<group>"; };
		B3ACDDCA2992E913008AD923 /* ButtonsView.swift */ = {isa = PBXFileReference; lastKnownFileType = sourcecode.swift; path = ButtonsView.swift; sourceTree = "<group>"; };
/* End PBXFileReference section */

/* Begin PBXFrameworksBuildPhase section */
		69FD2999299174D000481D00 /* Frameworks */ = {
			isa = PBXFrameworksBuildPhase;
			buildActionMask = 2147483647;
			files = (
			);
			runOnlyForDeploymentPostprocessing = 0;
		};
/* End PBXFrameworksBuildPhase section */

/* Begin PBXGroup section */
		698C5F5129920A5E000D8B61 /* WelcomeModule */ = {
			isa = PBXGroup;
			children = (
				B312E95C29927A26006DAF05 /* Model */,
				698C5F5829920B71000D8B61 /* View */,
				698C5F5729920B67000D8B61 /* Controller */,
			);
			path = WelcomeModule;
			sourceTree = "<group>";
		};
		698C5F5729920B67000D8B61 /* Controller */ = {
			isa = PBXGroup;
			children = (
				698C5F5A29920B8A000D8B61 /* WelcomeViewController.swift */,
			);
			path = Controller;
			sourceTree = "<group>";
		};
		698C5F5829920B71000D8B61 /* View */ = {
			isa = PBXGroup;
			children = (
				B312E95D2992AF33006DAF05 /* LogoAndLabelView.swift */,
				B3ACDDCA2992E913008AD923 /* ButtonsView.swift */,
			);
			path = View;
			sourceTree = "<group>";
		};
		69FD2993299174D000481D00 = {
			isa = PBXGroup;
			children = (
				69FD299E299174D000481D00 /* Who-wanna-be-millionaire */,
				69FD299D299174D000481D00 /* Products */,
			);
			sourceTree = "<group>";
		};
		69FD299D299174D000481D00 /* Products */ = {
			isa = PBXGroup;
			children = (
				69FD299C299174D000481D00 /* Who-wanna-be-millionaire.app */,
			);
			name = Products;
			sourceTree = "<group>";
		};
		69FD299E299174D000481D00 /* Who-wanna-be-millionaire */ = {
			isa = PBXGroup;
			children = (
				69FD29BA2991766B00481D00 /* Modules */,
				69FD29B52991756000481D00 /* Extension */,
				69FD29B3299174FF00481D00 /* Application */,
				69FD29B42991752800481D00 /* SupportingFiles */,
			);
			path = "Who-wanna-be-millionaire";
			sourceTree = "<group>";
		};
		69FD29B3299174FF00481D00 /* Application */ = {
			isa = PBXGroup;
			children = (
				69FD299F299174D000481D00 /* AppDelegate.swift */,
				69FD29A1299174D000481D00 /* SceneDelegate.swift */,
			);
			path = Application;
			sourceTree = "<group>";
		};
		69FD29B42991752800481D00 /* SupportingFiles */ = {
			isa = PBXGroup;
			children = (
				69FD29A8299174D200481D00 /* Assets.xcassets */,
				69FD29AA299174D200481D00 /* LaunchScreen.storyboard */,
				69FD29AD299174D200481D00 /* Info.plist */,
			);
			path = SupportingFiles;
			sourceTree = "<group>";
		};
		69FD29B52991756000481D00 /* Extension */ = {
			isa = PBXGroup;
			children = (
				69FD29B6299175C700481D00 /* Ext + UIView.swift */,
				69FD29B82991761600481D00 /* Ext + UIStackView.swift */,
			);
			path = Extension;
			sourceTree = "<group>";
		};
		69FD29BA2991766B00481D00 /* Modules */ = {
			isa = PBXGroup;
			children = (
				698C5F5129920A5E000D8B61 /* WelcomeModule */,
				69FD29E1299177B600481D00 /* ResultModule */,
				69FD29DD2991779F00481D00 /* AnswerModule */,
				69FD29D92991776400481D00 /* MainGameModule */,
				69FD29D52991773E00481D00 /* NickNameModule */,
				69FD29D12991772700481D00 /* RulesModule */,
			);
			path = Modules;
			sourceTree = "<group>";
		};
		69FD29D12991772700481D00 /* RulesModule */ = {
			isa = PBXGroup;
			children = (
				B3568EFC299418F60001624C /* Model */,
				69FD29D72991775800481D00 /* View */,
				69FD29D82991775800481D00 /* Controller */,
			);
			path = RulesModule;
			sourceTree = "<group>";
		};
		69FD29D22991773400481D00 /* Model */ = {
			isa = PBXGroup;
			children = (
				691879492993DFF400C193E5 /* NickNameModel.swift */,
				69E69BA529954306006D45BA /* CustomTextField.swift */,
			);
			path = Model;
			sourceTree = "<group>";
		};
		69FD29D32991773400481D00 /* View */ = {
			isa = PBXGroup;
			children = (
				69FD29F4299179AA00481D00 /* NickNameView.swift */,
			);
			path = View;
			sourceTree = "<group>";
		};
		69FD29D42991773400481D00 /* Controller */ = {
			isa = PBXGroup;
			children = (
				69FD29F22991799B00481D00 /* NickNameViewController.swift */,
			);
			path = Controller;
			sourceTree = "<group>";
		};
		69FD29D52991773E00481D00 /* NickNameModule */ = {
			isa = PBXGroup;
			children = (
				69FD29D22991773400481D00 /* Model */,
				69FD29D32991773400481D00 /* View */,
				69FD29D42991773400481D00 /* Controller */,
			);
			path = NickNameModule;
			sourceTree = "<group>";
		};
		69FD29D72991775800481D00 /* View */ = {
			isa = PBXGroup;
			children = (
				B33BA9772994213F00E5134A /* UpperElementsView.swift */,
				B33BA97929943C7800E5134A /* RulesTextView.swift */,
			);
			path = View;
			sourceTree = "<group>";
		};
		69FD29D82991775800481D00 /* Controller */ = {
			isa = PBXGroup;
			children = (
				69FD29F6299179C900481D00 /* RulesViewController.swift */,
			);
			path = Controller;
			sourceTree = "<group>";
		};
		69FD29D92991776400481D00 /* MainGameModule */ = {
			isa = PBXGroup;
			children = (
				69FD29DC2991777200481D00 /* Model */,
				69FD29DB2991777200481D00 /* View */,
				69FD29DA2991777200481D00 /* Controller */,
			);
			path = MainGameModule;
			sourceTree = "<group>";
		};
		69FD29DA2991777200481D00 /* Controller */ = {
			isa = PBXGroup;
			children = (
				69FD29EE2991796400481D00 /* MainGameViewController.swift */,
			);
			path = Controller;
			sourceTree = "<group>";
		};
		69FD29DB2991777200481D00 /* View */ = {
			isa = PBXGroup;
			children = (
				69FD29F02991797600481D00 /* MainGameView.swift */,
			);
			path = View;
			sourceTree = "<group>";
		};
		69FD29DC2991777200481D00 /* Model */ = {
			isa = PBXGroup;
			children = (
			);
			path = Model;
			sourceTree = "<group>";
		};
		69FD29DD2991779F00481D00 /* AnswerModule */ = {
			isa = PBXGroup;
			children = (
				69FD29DE299177AE00481D00 /* Model */,
				69FD29E0299177AE00481D00 /* View */,
				69FD29DF299177AE00481D00 /* Controller */,
			);
			path = AnswerModule;
			sourceTree = "<group>";
		};
		69FD29DE299177AE00481D00 /* Model */ = {
			isa = PBXGroup;
			children = (
				2C26DF062997C99300211B88 /* Question.swift */,
				2C26DF082997C9CF00211B88 /* MillionaireBrain.swift */,
			);
			path = Model;
			sourceTree = "<group>";
		};
		69FD29DF299177AE00481D00 /* Controller */ = {
			isa = PBXGroup;
			children = (
				69FD29EA2991792C00481D00 /* AnswerViewController.swift */,
			);
			path = Controller;
			sourceTree = "<group>";
		};
		69FD29E0299177AE00481D00 /* View */ = {
			isa = PBXGroup;
			children = (
				69FD29EC2991793D00481D00 /* AnswerView.swift */,
				2C26DF042997C97400211B88 /* BaseView.swift */,
			);
			path = View;
			sourceTree = "<group>";
		};
		69FD29E1299177B600481D00 /* ResultModule */ = {
			isa = PBXGroup;
			children = (
				69FD29E4299177C200481D00 /* Model */,
				69FD29E2299177C200481D00 /* View */,
				69FD29E3299177C200481D00 /* Controller */,
			);
			path = ResultModule;
			sourceTree = "<group>";
		};
		69FD29E2299177C200481D00 /* View */ = {
			isa = PBXGroup;
			children = (
				69FD29E72991789000481D00 /* ResultView.swift */,
			);
			path = View;
			sourceTree = "<group>";
		};
		69FD29E3299177C200481D00 /* Controller */ = {
			isa = PBXGroup;
			children = (
				69FD29E52991787800481D00 /* ResultViewController.swift */,
			);
			path = Controller;
			sourceTree = "<group>";
		};
		69FD29E4299177C200481D00 /* Model */ = {
			isa = PBXGroup;
			children = (
			);
			path = Model;
			sourceTree = "<group>";
		};
		B312E95C29927A26006DAF05 /* Model */ = {
			isa = PBXGroup;
			children = (
				B312E95F2992AFF4006DAF05 /* WelcomeConstants.swift */,
			);
			path = Model;
			sourceTree = "<group>";
		};
		B3568EFC299418F60001624C /* Model */ = {
			isa = PBXGroup;
			children = (
				B3568EFD29941ADA0001624C /* RulesResources.swift */,
			);
			path = Model;
			sourceTree = "<group>";
		};
/* End PBXGroup section */

/* Begin PBXNativeTarget section */
		69FD299B299174D000481D00 /* Who-wanna-be-millionaire */ = {
			isa = PBXNativeTarget;
			buildConfigurationList = 69FD29B0299174D200481D00 /* Build configuration list for PBXNativeTarget "Who-wanna-be-millionaire" */;
			buildPhases = (
				69FD2998299174D000481D00 /* Sources */,
				69FD2999299174D000481D00 /* Frameworks */,
				69FD299A299174D000481D00 /* Resources */,
			);
			buildRules = (
			);
			dependencies = (
			);
			name = "Who-wanna-be-millionaire";
			productName = "Who-wanna-be-millionaire";
			productReference = 69FD299C299174D000481D00 /* Who-wanna-be-millionaire.app */;
			productType = "com.apple.product-type.application";
		};
/* End PBXNativeTarget section */

/* Begin PBXProject section */
		69FD2994299174D000481D00 /* Project object */ = {
			isa = PBXProject;
			attributes = {
				BuildIndependentTargetsInParallel = 1;
				LastSwiftUpdateCheck = 1420;
				LastUpgradeCheck = 1420;
				TargetAttributes = {
					69FD299B299174D000481D00 = {
						CreatedOnToolsVersion = 14.2;
					};
				};
			};
			buildConfigurationList = 69FD2997299174D000481D00 /* Build configuration list for PBXProject "Who-wanna-be-millionaire" */;
			compatibilityVersion = "Xcode 14.0";
			developmentRegion = en;
			hasScannedForEncodings = 0;
			knownRegions = (
				en,
				Base,
			);
			mainGroup = 69FD2993299174D000481D00;
			productRefGroup = 69FD299D299174D000481D00 /* Products */;
			projectDirPath = "";
			projectRoot = "";
			targets = (
				69FD299B299174D000481D00 /* Who-wanna-be-millionaire */,
			);
		};
/* End PBXProject section */

/* Begin PBXResourcesBuildPhase section */
		69FD299A299174D000481D00 /* Resources */ = {
			isa = PBXResourcesBuildPhase;
			buildActionMask = 2147483647;
			files = (
				69FD29AC299174D200481D00 /* LaunchScreen.storyboard in Resources */,
				69FD29A9299174D200481D00 /* Assets.xcassets in Resources */,
			);
			runOnlyForDeploymentPostprocessing = 0;
		};
/* End PBXResourcesBuildPhase section */

/* Begin PBXSourcesBuildPhase section */
		69FD2998299174D000481D00 /* Sources */ = {
			isa = PBXSourcesBuildPhase;
			buildActionMask = 2147483647;
			files = (
				69FD29F7299179C900481D00 /* RulesViewController.swift in Sources */,
				B33BA97A29943C7800E5134A /* RulesTextView.swift in Sources */,
				69FD29F12991797600481D00 /* MainGameView.swift in Sources */,
				6918794A2993DFF400C193E5 /* NickNameModel.swift in Sources */,
				69FD29A0299174D000481D00 /* AppDelegate.swift in Sources */,
				698C5F5D29920BA8000D8B61 /* WelcomeView.swift in Sources */,
				69E69BA629954306006D45BA /* CustomTextField.swift in Sources */,
				69FD29F5299179AA00481D00 /* NickNameView.swift in Sources */,
				69FD29B7299175C700481D00 /* Ext + UIView.swift in Sources */,
				B312E9602992AFF4006DAF05 /* WelcomeConstants.swift in Sources */,
				B3568EFE29941ADA0001624C /* RulesResources.swift in Sources */,
				B3ACDDCB2992E913008AD923 /* ButtonsView.swift in Sources */,
				2C26DF072997C99300211B88 /* Question.swift in Sources */,
				69FD29F32991799B00481D00 /* NickNameViewController.swift in Sources */,
				698C5F5B29920B8A000D8B61 /* WelcomeViewController.swift in Sources */,
				6918794C2993E0BE00C193E5 /* Ext + UIColor.swift in Sources */,
				69FD29B92991761600481D00 /* Ext + UIStackView.swift in Sources */,
				69FD29EB2991792C00481D00 /* AnswerViewController.swift in Sources */,
				69FD29EF2991796400481D00 /* MainGameViewController.swift in Sources */,
				B33BA9782994213F00E5134A /* UpperElementsView.swift in Sources */,
				69FD29ED2991793D00481D00 /* AnswerView.swift in Sources */,
				B312E95E2992AF33006DAF05 /* LogoAndLabelView.swift in Sources */,
				69FD29A2299174D000481D00 /* SceneDelegate.swift in Sources */,
				2C26DF052997C97400211B88 /* BaseView.swift in Sources */,
				69FD29E82991789000481D00 /* ResultView.swift in Sources */,
				2C26DF092997C9CF00211B88 /* MillionaireBrain.swift in Sources */,
				69FD29E62991787800481D00 /* ResultViewController.swift in Sources */,
			);
			runOnlyForDeploymentPostprocessing = 0;
		};
/* End PBXSourcesBuildPhase section */

/* Begin PBXVariantGroup section */
		69FD29AA299174D200481D00 /* LaunchScreen.storyboard */ = {
			isa = PBXVariantGroup;
			children = (
				69FD29AB299174D200481D00 /* Base */,
			);
			name = LaunchScreen.storyboard;
			sourceTree = "<group>";
		};
/* End PBXVariantGroup section */

/* Begin XCBuildConfiguration section */
		69FD29AE299174D200481D00 /* Debug */ = {
			isa = XCBuildConfiguration;
			buildSettings = {
				ALWAYS_SEARCH_USER_PATHS = NO;
				CLANG_ANALYZER_NONNULL = YES;
				CLANG_ANALYZER_NUMBER_OBJECT_CONVERSION = YES_AGGRESSIVE;
				CLANG_CXX_LANGUAGE_STANDARD = "gnu++20";
				CLANG_ENABLE_MODULES = YES;
				CLANG_ENABLE_OBJC_ARC = YES;
				CLANG_ENABLE_OBJC_WEAK = YES;
				CLANG_WARN_BLOCK_CAPTURE_AUTORELEASING = YES;
				CLANG_WARN_BOOL_CONVERSION = YES;
				CLANG_WARN_COMMA = YES;
				CLANG_WARN_CONSTANT_CONVERSION = YES;
				CLANG_WARN_DEPRECATED_OBJC_IMPLEMENTATIONS = YES;
				CLANG_WARN_DIRECT_OBJC_ISA_USAGE = YES_ERROR;
				CLANG_WARN_DOCUMENTATION_COMMENTS = YES;
				CLANG_WARN_EMPTY_BODY = YES;
				CLANG_WARN_ENUM_CONVERSION = YES;
				CLANG_WARN_INFINITE_RECURSION = YES;
				CLANG_WARN_INT_CONVERSION = YES;
				CLANG_WARN_NON_LITERAL_NULL_CONVERSION = YES;
				CLANG_WARN_OBJC_IMPLICIT_RETAIN_SELF = YES;
				CLANG_WARN_OBJC_LITERAL_CONVERSION = YES;
				CLANG_WARN_OBJC_ROOT_CLASS = YES_ERROR;
				CLANG_WARN_QUOTED_INCLUDE_IN_FRAMEWORK_HEADER = YES;
				CLANG_WARN_RANGE_LOOP_ANALYSIS = YES;
				CLANG_WARN_STRICT_PROTOTYPES = YES;
				CLANG_WARN_SUSPICIOUS_MOVE = YES;
				CLANG_WARN_UNGUARDED_AVAILABILITY = YES_AGGRESSIVE;
				CLANG_WARN_UNREACHABLE_CODE = YES;
				CLANG_WARN__DUPLICATE_METHOD_MATCH = YES;
				COPY_PHASE_STRIP = NO;
				DEBUG_INFORMATION_FORMAT = dwarf;
				ENABLE_STRICT_OBJC_MSGSEND = YES;
				ENABLE_TESTABILITY = YES;
				GCC_C_LANGUAGE_STANDARD = gnu11;
				GCC_DYNAMIC_NO_PIC = NO;
				GCC_NO_COMMON_BLOCKS = YES;
				GCC_OPTIMIZATION_LEVEL = 0;
				GCC_PREPROCESSOR_DEFINITIONS = (
					"DEBUG=1",
					"$(inherited)",
				);
				GCC_WARN_64_TO_32_BIT_CONVERSION = YES;
				GCC_WARN_ABOUT_RETURN_TYPE = YES_ERROR;
				GCC_WARN_UNDECLARED_SELECTOR = YES;
				GCC_WARN_UNINITIALIZED_AUTOS = YES_AGGRESSIVE;
				GCC_WARN_UNUSED_FUNCTION = YES;
				GCC_WARN_UNUSED_VARIABLE = YES;
				IPHONEOS_DEPLOYMENT_TARGET = 16.2;
				MTL_ENABLE_DEBUG_INFO = INCLUDE_SOURCE;
				MTL_FAST_MATH = YES;
				ONLY_ACTIVE_ARCH = YES;
				SDKROOT = iphoneos;
				SWIFT_ACTIVE_COMPILATION_CONDITIONS = DEBUG;
				SWIFT_OPTIMIZATION_LEVEL = "-Onone";
			};
			name = Debug;
		};
		69FD29AF299174D200481D00 /* Release */ = {
			isa = XCBuildConfiguration;
			buildSettings = {
				ALWAYS_SEARCH_USER_PATHS = NO;
				CLANG_ANALYZER_NONNULL = YES;
				CLANG_ANALYZER_NUMBER_OBJECT_CONVERSION = YES_AGGRESSIVE;
				CLANG_CXX_LANGUAGE_STANDARD = "gnu++20";
				CLANG_ENABLE_MODULES = YES;
				CLANG_ENABLE_OBJC_ARC = YES;
				CLANG_ENABLE_OBJC_WEAK = YES;
				CLANG_WARN_BLOCK_CAPTURE_AUTORELEASING = YES;
				CLANG_WARN_BOOL_CONVERSION = YES;
				CLANG_WARN_COMMA = YES;
				CLANG_WARN_CONSTANT_CONVERSION = YES;
				CLANG_WARN_DEPRECATED_OBJC_IMPLEMENTATIONS = YES;
				CLANG_WARN_DIRECT_OBJC_ISA_USAGE = YES_ERROR;
				CLANG_WARN_DOCUMENTATION_COMMENTS = YES;
				CLANG_WARN_EMPTY_BODY = YES;
				CLANG_WARN_ENUM_CONVERSION = YES;
				CLANG_WARN_INFINITE_RECURSION = YES;
				CLANG_WARN_INT_CONVERSION = YES;
				CLANG_WARN_NON_LITERAL_NULL_CONVERSION = YES;
				CLANG_WARN_OBJC_IMPLICIT_RETAIN_SELF = YES;
				CLANG_WARN_OBJC_LITERAL_CONVERSION = YES;
				CLANG_WARN_OBJC_ROOT_CLASS = YES_ERROR;
				CLANG_WARN_QUOTED_INCLUDE_IN_FRAMEWORK_HEADER = YES;
				CLANG_WARN_RANGE_LOOP_ANALYSIS = YES;
				CLANG_WARN_STRICT_PROTOTYPES = YES;
				CLANG_WARN_SUSPICIOUS_MOVE = YES;
				CLANG_WARN_UNGUARDED_AVAILABILITY = YES_AGGRESSIVE;
				CLANG_WARN_UNREACHABLE_CODE = YES;
				CLANG_WARN__DUPLICATE_METHOD_MATCH = YES;
				COPY_PHASE_STRIP = NO;
				DEBUG_INFORMATION_FORMAT = "dwarf-with-dsym";
				ENABLE_NS_ASSERTIONS = NO;
				ENABLE_STRICT_OBJC_MSGSEND = YES;
				GCC_C_LANGUAGE_STANDARD = gnu11;
				GCC_NO_COMMON_BLOCKS = YES;
				GCC_WARN_64_TO_32_BIT_CONVERSION = YES;
				GCC_WARN_ABOUT_RETURN_TYPE = YES_ERROR;
				GCC_WARN_UNDECLARED_SELECTOR = YES;
				GCC_WARN_UNINITIALIZED_AUTOS = YES_AGGRESSIVE;
				GCC_WARN_UNUSED_FUNCTION = YES;
				GCC_WARN_UNUSED_VARIABLE = YES;
				IPHONEOS_DEPLOYMENT_TARGET = 16.2;
				MTL_ENABLE_DEBUG_INFO = NO;
				MTL_FAST_MATH = YES;
				SDKROOT = iphoneos;
				SWIFT_COMPILATION_MODE = wholemodule;
				SWIFT_OPTIMIZATION_LEVEL = "-O";
				VALIDATE_PRODUCT = YES;
			};
			name = Release;
		};
		69FD29B1299174D200481D00 /* Debug */ = {
			isa = XCBuildConfiguration;
			buildSettings = {
				ASSETCATALOG_COMPILER_APPICON_NAME = AppIcon;
				ASSETCATALOG_COMPILER_GLOBAL_ACCENT_COLOR_NAME = AccentColor;
				CODE_SIGN_STYLE = Automatic;
				CURRENT_PROJECT_VERSION = 1;
				DEVELOPMENT_TEAM = M7TD444VRA;
				GENERATE_INFOPLIST_FILE = YES;
				INFOPLIST_FILE = "Who-wanna-be-millionaire/SupportingFiles/Info.plist";
				INFOPLIST_KEY_UIApplicationSupportsIndirectInputEvents = YES;
				INFOPLIST_KEY_UILaunchStoryboardName = LaunchScreen;
				INFOPLIST_KEY_UISupportedInterfaceOrientations_iPad = "UIInterfaceOrientationPortrait UIInterfaceOrientationPortraitUpsideDown UIInterfaceOrientationLandscapeLeft UIInterfaceOrientationLandscapeRight";
				INFOPLIST_KEY_UISupportedInterfaceOrientations_iPhone = "UIInterfaceOrientationPortrait UIInterfaceOrientationLandscapeLeft UIInterfaceOrientationLandscapeRight";
				LD_RUNPATH_SEARCH_PATHS = (
					"$(inherited)",
					"@executable_path/Frameworks",
				);
				MARKETING_VERSION = 1.0;
				PRODUCT_BUNDLE_IDENTIFIER = "ru.SiLVERSHTAiN.Who-wanna-be-millionaire";
				PRODUCT_NAME = "$(TARGET_NAME)";
				SWIFT_EMIT_LOC_STRINGS = YES;
				SWIFT_VERSION = 5.0;
				TARGETED_DEVICE_FAMILY = "1,2";
			};
			name = Debug;
		};
		69FD29B2299174D200481D00 /* Release */ = {
			isa = XCBuildConfiguration;
			buildSettings = {
				ASSETCATALOG_COMPILER_APPICON_NAME = AppIcon;
				ASSETCATALOG_COMPILER_GLOBAL_ACCENT_COLOR_NAME = AccentColor;
				CODE_SIGN_STYLE = Automatic;
				CURRENT_PROJECT_VERSION = 1;
				DEVELOPMENT_TEAM = M7TD444VRA;
				GENERATE_INFOPLIST_FILE = YES;
				INFOPLIST_FILE = "Who-wanna-be-millionaire/SupportingFiles/Info.plist";
				INFOPLIST_KEY_UIApplicationSupportsIndirectInputEvents = YES;
				INFOPLIST_KEY_UILaunchStoryboardName = LaunchScreen;
				INFOPLIST_KEY_UISupportedInterfaceOrientations_iPad = "UIInterfaceOrientationPortrait UIInterfaceOrientationPortraitUpsideDown UIInterfaceOrientationLandscapeLeft UIInterfaceOrientationLandscapeRight";
				INFOPLIST_KEY_UISupportedInterfaceOrientations_iPhone = "UIInterfaceOrientationPortrait UIInterfaceOrientationLandscapeLeft UIInterfaceOrientationLandscapeRight";
				LD_RUNPATH_SEARCH_PATHS = (
					"$(inherited)",
					"@executable_path/Frameworks",
				);
				MARKETING_VERSION = 1.0;
				PRODUCT_BUNDLE_IDENTIFIER = "ru.SiLVERSHTAiN.Who-wanna-be-millionaire";
				PRODUCT_NAME = "$(TARGET_NAME)";
				SWIFT_EMIT_LOC_STRINGS = YES;
				SWIFT_VERSION = 5.0;
				TARGETED_DEVICE_FAMILY = "1,2";
			};
			name = Release;
		};
/* End XCBuildConfiguration section */

/* Begin XCConfigurationList section */
		69FD2997299174D000481D00 /* Build configuration list for PBXProject "Who-wanna-be-millionaire" */ = {
			isa = XCConfigurationList;
			buildConfigurations = (
				69FD29AE299174D200481D00 /* Debug */,
				69FD29AF299174D200481D00 /* Release */,
			);
			defaultConfigurationIsVisible = 0;
			defaultConfigurationName = Release;
		};
		69FD29B0299174D200481D00 /* Build configuration list for PBXNativeTarget "Who-wanna-be-millionaire" */ = {
			isa = XCConfigurationList;
			buildConfigurations = (
				69FD29B1299174D200481D00 /* Debug */,
				69FD29B2299174D200481D00 /* Release */,
			);
			defaultConfigurationIsVisible = 0;
			defaultConfigurationName = Release;
		};
/* End XCConfigurationList section */
	};
	rootObject = 69FD2994299174D000481D00 /* Project object */;
}
